
Microsoft Visual Studio Solution File, Format Version 12.00
# Visual Studio Version 17
VisualStudioVersion = 17.9.34728.123
MinimumVisualStudioVersion = 10.0.40219.1
Project("{FAE04EC0-301F-11D3-BF4B-00C04F79EFBC}") = "StageChanger", "StageChanger.csproj", "{7DE2EF49-7542-44EA-9AAF-4782E55E3044}"
EndProject
Global
	GlobalSection(SolutionConfigurationPlatforms) = preSolution
		Debug|Any CPU = Debug|Any CPU
		Release|Any CPU = Release|Any CPU
	EndGlobalSection
	GlobalSection(ProjectConfigurationPlatforms) = postSolution
		{7DE2EF49-7542-44EA-9AAF-4782E55E3044}.Debug|Any CPU.ActiveCfg = Debug|Any CPU
		{7DE2EF49-7542-44EA-9AAF-4782E55E3044}.Debug|Any CPU.Build.0 = Debug|Any CPU
		{7DE2EF49-7542-44EA-9AAF-4782E55E3044}.Release|Any CPU.ActiveCfg = Release|Any CPU
		{7DE2EF49-7542-44EA-9AAF-4782E55E3044}.Release|Any CPU.Build.0 = Release|Any CPU
	EndGlobalSection
	GlobalSection(SolutionProperties) = preSolution
		HideSolutionNode = FALSE
	EndGlobalSection
	GlobalSection(ExtensibilityGlobals) = postSolution
		SolutionGuid = {D7F03B75-7AD5-4764-B654-91FAA15E2C09}
	EndGlobalSection
EndGlobal
